// !$*UTF8*$!
{
	archiveVersion = 1;
	classes = {
	};
	objectVersion = 50;
	objects = {

/* Begin PBXBuildFile section */
		9748A6B726E709CD008C0B9C /* FlagData.json in Resources */ = {isa = PBXBuildFile; fileRef = 9748A6B626E709CD008C0B9C /* FlagData.json */; };
		9756461F26E5B0B800569221 /* Firey_Flag_RaiserApp.swift in Sources */ = {isa = PBXBuildFile; fileRef = 9756461E26E5B0B800569221 /* Firey_Flag_RaiserApp.swift */; };
		9756462126E5B0B800569221 /* ContentView.swift in Sources */ = {isa = PBXBuildFile; fileRef = 9756462026E5B0B800569221 /* ContentView.swift */; };
		9756462326E5B0C300569221 /* Assets.xcassets in Resources */ = {isa = PBXBuildFile; fileRef = 9756462226E5B0C300569221 /* Assets.xcassets */; };
		9756462626E5B0C300569221 /* Preview Assets.xcassets in Resources */ = {isa = PBXBuildFile; fileRef = 9756462526E5B0C300569221 /* Preview Assets.xcassets */; };
		9756463126E5B0C400569221 /* Firey_Flag_RaiserTests.swift in Sources */ = {isa = PBXBuildFile; fileRef = 9756463026E5B0C400569221 /* Firey_Flag_RaiserTests.swift */; };
		9756463C26E5B0C400569221 /* Firey_Flag_RaiserUITests.swift in Sources */ = {isa = PBXBuildFile; fileRef = 9756463B26E5B0C400569221 /* Firey_Flag_RaiserUITests.swift */; };
		9756464D26E5B14100569221 /* FlagRaisingView.swift in Sources */ = {isa = PBXBuildFile; fileRef = 9756464C26E5B14100569221 /* FlagRaisingView.swift */; };
		9756465226E5B17A00569221 /* FlagSelectorView.swift in Sources */ = {isa = PBXBuildFile; fileRef = 9756465126E5B17A00569221 /* FlagSelectorView.swift */; };
		9756465726E5B63200569221 /* Flag.swift in Sources */ = {isa = PBXBuildFile; fileRef = 9756465626E5B63200569221 /* Flag.swift */; };
/* End PBXBuildFile section */

/* Begin PBXContainerItemProxy section */
		9756462D26E5B0C400569221 /* PBXContainerItemProxy */ = {
			isa = PBXContainerItemProxy;
			containerPortal = 9756461326E5B0B700569221 /* Project object */;
			proxyType = 1;
			remoteGlobalIDString = 9756461A26E5B0B700569221;
			remoteInfo = "Firey Flag Raiser";
		};
		9756463826E5B0C400569221 /* PBXContainerItemProxy */ = {
			isa = PBXContainerItemProxy;
			containerPortal = 9756461326E5B0B700569221 /* Project object */;
			proxyType = 1;
			remoteGlobalIDString = 9756461A26E5B0B700569221;
			remoteInfo = "Firey Flag Raiser";
		};
/* End PBXContainerItemProxy section */

/* Begin PBXFileReference section */
		9748A6B626E709CD008C0B9C /* FlagData.json */ = {isa = PBXFileReference; fileEncoding = 4; lastKnownFileType = text.json; path = FlagData.json; sourceTree = "<group>"; };
		9756461B26E5B0B700569221 /* Firey Flag Raiser.app */ = {isa = PBXFileReference; explicitFileType = wrapper.application; includeInIndex = 0; path = "Firey Flag Raiser.app"; sourceTree = BUILT_PRODUCTS_DIR; };
		9756461E26E5B0B800569221 /* Firey_Flag_RaiserApp.swift */ = {isa = PBXFileReference; lastKnownFileType = sourcecode.swift; path = Firey_Flag_RaiserApp.swift; sourceTree = "<group>"; };
		9756462026E5B0B800569221 /* ContentView.swift */ = {isa = PBXFileReference; lastKnownFileType = sourcecode.swift; path = ContentView.swift; sourceTree = "<group>"; };
		9756462226E5B0C300569221 /* Assets.xcassets */ = {isa = PBXFileReference; lastKnownFileType = folder.assetcatalog; path = Assets.xcassets; sourceTree = "<group>"; };
		9756462526E5B0C300569221 /* Preview Assets.xcassets */ = {isa = PBXFileReference; lastKnownFileType = folder.assetcatalog; path = "Preview Assets.xcassets"; sourceTree = "<group>"; };
		9756462726E5B0C300569221 /* Info.plist */ = {isa = PBXFileReference; lastKnownFileType = text.plist.xml; path = Info.plist; sourceTree = "<group>"; };
		9756462C26E5B0C400569221 /* Firey Flag RaiserTests.xctest */ = {isa = PBXFileReference; explicitFileType = wrapper.cfbundle; includeInIndex = 0; path = "Firey Flag RaiserTests.xctest"; sourceTree = BUILT_PRODUCTS_DIR; };
		9756463026E5B0C400569221 /* Firey_Flag_RaiserTests.swift */ = {isa = PBXFileReference; lastKnownFileType = sourcecode.swift; path = Firey_Flag_RaiserTests.swift; sourceTree = "<group>"; };
		9756463226E5B0C400569221 /* Info.plist */ = {isa = PBXFileReference; lastKnownFileType = text.plist.xml; path = Info.plist; sourceTree = "<group>"; };
		9756463726E5B0C400569221 /* Firey Flag RaiserUITests.xctest */ = {isa = PBXFileReference; explicitFileType = wrapper.cfbundle; includeInIndex = 0; path = "Firey Flag RaiserUITests.xctest"; sourceTree = BUILT_PRODUCTS_DIR; };
		9756463B26E5B0C400569221 /* Firey_Flag_RaiserUITests.swift */ = {isa = PBXFileReference; lastKnownFileType = sourcecode.swift; path = Firey_Flag_RaiserUITests.swift; sourceTree = "<group>"; };
		9756463D26E5B0C400569221 /* Info.plist */ = {isa = PBXFileReference; lastKnownFileType = text.plist.xml; path = Info.plist; sourceTree = "<group>"; };
		9756464C26E5B14100569221 /* FlagRaisingView.swift */ = {isa = PBXFileReference; lastKnownFileType = sourcecode.swift; path = FlagRaisingView.swift; sourceTree = "<group>"; };
		9756465126E5B17A00569221 /* FlagSelectorView.swift */ = {isa = PBXFileReference; lastKnownFileType = sourcecode.swift; path = FlagSelectorView.swift; sourceTree = "<group>"; };
		9756465626E5B63200569221 /* Flag.swift */ = {isa = PBXFileReference; lastKnownFileType = sourcecode.swift; path = Flag.swift; sourceTree = "<group>"; };
/* End PBXFileReference section */

/* Begin PBXFrameworksBuildPhase section */
		9756461826E5B0B700569221 /* Frameworks */ = {
			isa = PBXFrameworksBuildPhase;
			buildActionMask = 2147483647;
			files = (
			);
			runOnlyForDeploymentPostprocessing = 0;
		};
		9756462926E5B0C400569221 /* Frameworks */ = {
			isa = PBXFrameworksBuildPhase;
			buildActionMask = 2147483647;
			files = (
			);
			runOnlyForDeploymentPostprocessing = 0;
		};
		9756463426E5B0C400569221 /* Frameworks */ = {
			isa = PBXFrameworksBuildPhase;
			buildActionMask = 2147483647;
			files = (
			);
			runOnlyForDeploymentPostprocessing = 0;
		};
/* End PBXFrameworksBuildPhase section */

/* Begin PBXGroup section */
		9756461226E5B0B700569221 = {
			isa = PBXGroup;
			children = (
				9756461D26E5B0B700569221 /* Firey Flag Raiser */,
				9756462F26E5B0C400569221 /* Firey Flag RaiserTests */,
				9756463A26E5B0C400569221 /* Firey Flag RaiserUITests */,
				9756461C26E5B0B700569221 /* Products */,
			);
			sourceTree = "<group>";
		};
		9756461C26E5B0B700569221 /* Products */ = {
			isa = PBXGroup;
			children = (
				9756461B26E5B0B700569221 /* Firey Flag Raiser.app */,
				9756462C26E5B0C400569221 /* Firey Flag RaiserTests.xctest */,
				9756463726E5B0C400569221 /* Firey Flag RaiserUITests.xctest */,
			);
			name = Products;
			sourceTree = "<group>";
		};
		9756461D26E5B0B700569221 /* Firey Flag Raiser */ = {
			isa = PBXGroup;
			children = (
				9756461E26E5B0B800569221 /* Firey_Flag_RaiserApp.swift */,
				9756462026E5B0B800569221 /* ContentView.swift */,
				9756464C26E5B14100569221 /* FlagRaisingView.swift */,
				9756465626E5B63200569221 /* Flag.swift */,
				9756465126E5B17A00569221 /* FlagSelectorView.swift */,
				9756462226E5B0C300569221 /* Assets.xcassets */,
				9748A6B626E709CD008C0B9C /* FlagData.json */,
				9756462726E5B0C300569221 /* Info.plist */,
				9756462426E5B0C300569221 /* Preview Content */,
			);
			path = "Firey Flag Raiser";
			sourceTree = "<group>";
		};
		9756462426E5B0C300569221 /* Preview Content */ = {
			isa = PBXGroup;
			children = (
				9756462526E5B0C300569221 /* Preview Assets.xcassets */,
			);
			path = "Preview Content";
			sourceTree = "<group>";
		};
		9756462F26E5B0C400569221 /* Firey Flag RaiserTests */ = {
			isa = PBXGroup;
			children = (
				9756463026E5B0C400569221 /* Firey_Flag_RaiserTests.swift */,
				9756463226E5B0C400569221 /* Info.plist */,
			);
			path = "Firey Flag RaiserTests";
			sourceTree = "<group>";
		};
		9756463A26E5B0C400569221 /* Firey Flag RaiserUITests */ = {
			isa = PBXGroup;
			children = (
				9756463B26E5B0C400569221 /* Firey_Flag_RaiserUITests.swift */,
				9756463D26E5B0C400569221 /* Info.plist */,
			);
			path = "Firey Flag RaiserUITests";
			sourceTree = "<group>";
		};
/* End PBXGroup section */

/* Begin PBXNativeTarget section */
		9756461A26E5B0B700569221 /* Firey Flag Raiser */ = {
			isa = PBXNativeTarget;
			buildConfigurationList = 9756464026E5B0C400569221 /* Build configuration list for PBXNativeTarget "Firey Flag Raiser" */;
			buildPhases = (
				9756461726E5B0B700569221 /* Sources */,
				9756461826E5B0B700569221 /* Frameworks */,
				9756461926E5B0B700569221 /* Resources */,
			);
			buildRules = (
			);
			dependencies = (
			);
			name = "Firey Flag Raiser";
			productName = "Firey Flag Raiser";
			productReference = 9756461B26E5B0B700569221 /* Firey Flag Raiser.app */;
			productType = "com.apple.product-type.application";
		};
		9756462B26E5B0C400569221 /* Firey Flag RaiserTests */ = {
			isa = PBXNativeTarget;
			buildConfigurationList = 9756464326E5B0C400569221 /* Build configuration list for PBXNativeTarget "Firey Flag RaiserTests" */;
			buildPhases = (
				9756462826E5B0C400569221 /* Sources */,
				9756462926E5B0C400569221 /* Frameworks */,
				9756462A26E5B0C400569221 /* Resources */,
			);
			buildRules = (
			);
			dependencies = (
				9756462E26E5B0C400569221 /* PBXTargetDependency */,
			);
			name = "Firey Flag RaiserTests";
			productName = "Firey Flag RaiserTests";
			productReference = 9756462C26E5B0C400569221 /* Firey Flag RaiserTests.xctest */;
			productType = "com.apple.product-type.bundle.unit-test";
		};
		9756463626E5B0C400569221 /* Firey Flag RaiserUITests */ = {
			isa = PBXNativeTarget;
			buildConfigurationList = 9756464626E5B0C400569221 /* Build configuration list for PBXNativeTarget "Firey Flag RaiserUITests" */;
			buildPhases = (
				9756463326E5B0C400569221 /* Sources */,
				9756463426E5B0C400569221 /* Frameworks */,
				9756463526E5B0C400569221 /* Resources */,
			);
			buildRules = (
			);
			dependencies = (
				9756463926E5B0C400569221 /* PBXTargetDependency */,
			);
			name = "Firey Flag RaiserUITests";
			productName = "Firey Flag RaiserUITests";
			productReference = 9756463726E5B0C400569221 /* Firey Flag RaiserUITests.xctest */;
			productType = "com.apple.product-type.bundle.ui-testing";
		};
/* End PBXNativeTarget section */

/* Begin PBXProject section */
		9756461326E5B0B700569221 /* Project object */ = {
			isa = PBXProject;
			attributes = {
				LastSwiftUpdateCheck = 1240;
				LastUpgradeCheck = 1240;
				TargetAttributes = {
					9756461A26E5B0B700569221 = {
						CreatedOnToolsVersion = 12.4;
					};
					9756462B26E5B0C400569221 = {
						CreatedOnToolsVersion = 12.4;
						TestTargetID = 9756461A26E5B0B700569221;
					};
					9756463626E5B0C400569221 = {
						CreatedOnToolsVersion = 12.4;
						TestTargetID = 9756461A26E5B0B700569221;
					};
				};
			};
			buildConfigurationList = 9756461626E5B0B700569221 /* Build configuration list for PBXProject "Firey Flag Raiser" */;
			compatibilityVersion = "Xcode 9.3";
			developmentRegion = en;
			hasScannedForEncodings = 0;
			knownRegions = (
				en,
				Base,
			);
			mainGroup = 9756461226E5B0B700569221;
			productRefGroup = 9756461C26E5B0B700569221 /* Products */;
			projectDirPath = "";
			projectRoot = "";
			targets = (
				9756461A26E5B0B700569221 /* Firey Flag Raiser */,
				9756462B26E5B0C400569221 /* Firey Flag RaiserTests */,
				9756463626E5B0C400569221 /* Firey Flag RaiserUITests */,
			);
		};
/* End PBXProject section */

/* Begin PBXResourcesBuildPhase section */
		9756461926E5B0B700569221 /* Resources */ = {
			isa = PBXResourcesBuildPhase;
			buildActionMask = 2147483647;
			files = (
				9756462626E5B0C300569221 /* Preview Assets.xcassets in Resources */,
				9748A6B726E709CD008C0B9C /* FlagData.json in Resources */,
				9756462326E5B0C300569221 /* Assets.xcassets in Resources */,
			);
			runOnlyForDeploymentPostprocessing = 0;
		};
		9756462A26E5B0C400569221 /* Resources */ = {
			isa = PBXResourcesBuildPhase;
			buildActionMask = 2147483647;
			files = (
			);
			runOnlyForDeploymentPostprocessing = 0;
		};
		9756463526E5B0C400569221 /* Resources */ = {
			isa = PBXResourcesBuildPhase;
			buildActionMask = 2147483647;
			files = (
			);
			runOnlyForDeploymentPostprocessing = 0;
		};
/* End PBXResourcesBuildPhase section */

/* Begin PBXSourcesBuildPhase section */
		9756461726E5B0B700569221 /* Sources */ = {
			isa = PBXSourcesBuildPhase;
			buildActionMask = 2147483647;
			files = (
				9756462126E5B0B800569221 /* ContentView.swift in Sources */,
				9756461F26E5B0B800569221 /* Firey_Flag_RaiserApp.swift in Sources */,
				9756465726E5B63200569221 /* Flag.swift in Sources */,
				9756464D26E5B14100569221 /* FlagRaisingView.swift in Sources */,
				9756465226E5B17A00569221 /* FlagSelectorView.swift in Sources */,
			);
			runOnlyForDeploymentPostprocessing = 0;
		};
		9756462826E5B0C400569221 /* Sources */ = {
			isa = PBXSourcesBuildPhase;
			buildActionMask = 2147483647;
			files = (
				9756463126E5B0C400569221 /* Firey_Flag_RaiserTests.swift in Sources */,
			);
			runOnlyForDeploymentPostprocessing = 0;
		};
		9756463326E5B0C400569221 /* Sources */ = {
			isa = PBXSourcesBuildPhase;
			buildActionMask = 2147483647;
			files = (
				9756463C26E5B0C400569221 /* Firey_Flag_RaiserUITests.swift in Sources */,
			);
			runOnlyForDeploymentPostprocessing = 0;
		};
/* End PBXSourcesBuildPhase section */

/* Begin PBXTargetDependency section */
		9756462E26E5B0C400569221 /* PBXTargetDependency */ = {
			isa = PBXTargetDependency;
			target = 9756461A26E5B0B700569221 /* Firey Flag Raiser */;
			targetProxy = 9756462D26E5B0C400569221 /* PBXContainerItemProxy */;
		};
		9756463926E5B0C400569221 /* PBXTargetDependency */ = {
			isa = PBXTargetDependency;
			target = 9756461A26E5B0B700569221 /* Firey Flag Raiser */;
			targetProxy = 9756463826E5B0C400569221 /* PBXContainerItemProxy */;
		};
/* End PBXTargetDependency section */

/* Begin XCBuildConfiguration section */
		9756463E26E5B0C400569221 /* Debug */ = {
			isa = XCBuildConfiguration;
			buildSettings = {
				ALWAYS_SEARCH_USER_PATHS = NO;
				CLANG_ANALYZER_NONNULL = YES;
				CLANG_ANALYZER_NUMBER_OBJECT_CONVERSION = YES_AGGRESSIVE;
				CLANG_CXX_LANGUAGE_STANDARD = "gnu++14";
				CLANG_CXX_LIBRARY = "libc++";
				CLANG_ENABLE_MODULES = YES;
				CLANG_ENABLE_OBJC_ARC = YES;
				CLANG_ENABLE_OBJC_WEAK = YES;
				CLANG_WARN_BLOCK_CAPTURE_AUTORELEASING = YES;
				CLANG_WARN_BOOL_CONVERSION = YES;
				CLANG_WARN_COMMA = YES;
				CLANG_WARN_CONSTANT_CONVERSION = YES;
				CLANG_WARN_DEPRECATED_OBJC_IMPLEMENTATIONS = YES;
				CLANG_WARN_DIRECT_OBJC_ISA_USAGE = YES_ERROR;
				CLANG_WARN_DOCUMENTATION_COMMENTS = YES;
				CLANG_WARN_EMPTY_BODY = YES;
				CLANG_WARN_ENUM_CONVERSION = YES;
				CLANG_WARN_INFINITE_RECURSION = YES;
				CLANG_WARN_INT_CONVERSION = YES;
				CLANG_WARN_NON_LITERAL_NULL_CONVERSION = YES;
				CLANG_WARN_OBJC_IMPLICIT_RETAIN_SELF = YES;
				CLANG_WARN_OBJC_LITERAL_CONVERSION = YES;
				CLANG_WARN_OBJC_ROOT_CLASS = YES_ERROR;
				CLANG_WARN_QUOTED_INCLUDE_IN_FRAMEWORK_HEADER = YES;
				CLANG_WARN_RANGE_LOOP_ANALYSIS = YES;
				CLANG_WARN_STRICT_PROTOTYPES = YES;
				CLANG_WARN_SUSPICIOUS_MOVE = YES;
				CLANG_WARN_UNGUARDED_AVAILABILITY = YES_AGGRESSIVE;
				CLANG_WARN_UNREACHABLE_CODE = YES;
				CLANG_WARN__DUPLICATE_METHOD_MATCH = YES;
				COPY_PHASE_STRIP = NO;
				DEBUG_INFORMATION_FORMAT = dwarf;
				ENABLE_STRICT_OBJC_MSGSEND = YES;
				ENABLE_TESTABILITY = YES;
				GCC_C_LANGUAGE_STANDARD = gnu11;
				GCC_DYNAMIC_NO_PIC = NO;
				GCC_NO_COMMON_BLOCKS = YES;
				GCC_OPTIMIZATION_LEVEL = 0;
				GCC_PREPROCESSOR_DEFINITIONS = (
					"DEBUG=1",
					"$(inherited)",
				);
				GCC_WARN_64_TO_32_BIT_CONVERSION = YES;
				GCC_WARN_ABOUT_RETURN_TYPE = YES_ERROR;
				GCC_WARN_UNDECLARED_SELECTOR = YES;
				GCC_WARN_UNINITIALIZED_AUTOS = YES_AGGRESSIVE;
				GCC_WARN_UNUSED_FUNCTION = YES;
				GCC_WARN_UNUSED_VARIABLE = YES;
				IPHONEOS_DEPLOYMENT_TARGET = 14.4;
				MTL_ENABLE_DEBUG_INFO = INCLUDE_SOURCE;
				MTL_FAST_MATH = YES;
				ONLY_ACTIVE_ARCH = YES;
				SDKROOT = iphoneos;
				SWIFT_ACTIVE_COMPILATION_CONDITIONS = DEBUG;
				SWIFT_OPTIMIZATION_LEVEL = "-Onone";
			};
			name = Debug;
		};
		9756463F26E5B0C400569221 /* Release */ = {
			isa = XCBuildConfiguration;
			buildSettings = {
				ALWAYS_SEARCH_USER_PATHS = NO;
				CLANG_ANALYZER_NONNULL = YES;
				CLANG_ANALYZER_NUMBER_OBJECT_CONVERSION = YES_AGGRESSIVE;
				CLANG_CXX_LANGUAGE_STANDARD = "gnu++14";
				CLANG_CXX_LIBRARY = "libc++";
				CLANG_ENABLE_MODULES = YES;
				CLANG_ENABLE_OBJC_ARC = YES;
				CLANG_ENABLE_OBJC_WEAK = YES;
				CLANG_WARN_BLOCK_CAPTURE_AUTORELEASING = YES;
				CLANG_WARN_BOOL_CONVERSION = YES;
				CLANG_WARN_COMMA = YES;
				CLANG_WARN_CONSTANT_CONVERSION = YES;
				CLANG_WARN_DEPRECATED_OBJC_IMPLEMENTATIONS = YES;
				CLANG_WARN_DIRECT_OBJC_ISA_USAGE = YES_ERROR;
				CLANG_WARN_DOCUMENTATION_COMMENTS = YES;
				CLANG_WARN_EMPTY_BODY = YES;
				CLANG_WARN_ENUM_CONVERSION = YES;
				CLANG_WARN_INFINITE_RECURSION = YES;
				CLANG_WARN_INT_CONVERSION = YES;
				CLANG_WARN_NON_LITERAL_NULL_CONVERSION = YES;
				CLANG_WARN_OBJC_IMPLICIT_RETAIN_SELF = YES;
				CLANG_WARN_OBJC_LITERAL_CONVERSION = YES;
				CLANG_WARN_OBJC_ROOT_CLASS = YES_ERROR;
				CLANG_WARN_QUOTED_INCLUDE_IN_FRAMEWORK_HEADER = YES;
				CLANG_WARN_RANGE_LOOP_ANALYSIS = YES;
				CLANG_WARN_STRICT_PROTOTYPES = YES;
				CLANG_WARN_SUSPICIOUS_MOVE = YES;
				CLANG_WARN_UNGUARDED_AVAILABILITY = YES_AGGRESSIVE;
				CLANG_WARN_UNREACHABLE_CODE = YES;
				CLANG_WARN__DUPLICATE_METHOD_MATCH = YES;
				COPY_PHASE_STRIP = NO;
				DEBUG_INFORMATION_FORMAT = "dwarf-with-dsym";
				ENABLE_NS_ASSERTIONS = NO;
				ENABLE_STRICT_OBJC_MSGSEND = YES;
				GCC_C_LANGUAGE_STANDARD = gnu11;
				GCC_NO_COMMON_BLOCKS = YES;
				GCC_WARN_64_TO_32_BIT_CONVERSION = YES;
				GCC_WARN_ABOUT_RETURN_TYPE = YES_ERROR;
				GCC_WARN_UNDECLARED_SELECTOR = YES;
				GCC_WARN_UNINITIALIZED_AUTOS = YES_AGGRESSIVE;
				GCC_WARN_UNUSED_FUNCTION = YES;
				GCC_WARN_UNUSED_VARIABLE = YES;
				IPHONEOS_DEPLOYMENT_TARGET = 14.4;
				MTL_ENABLE_DEBUG_INFO = NO;
				MTL_FAST_MATH = YES;
				SDKROOT = iphoneos;
				SWIFT_COMPILATION_MODE = wholemodule;
				SWIFT_OPTIMIZATION_LEVEL = "-O";
				VALIDATE_PRODUCT = YES;
			};
			name = Release;
		};
		9756464126E5B0C400569221 /* Debug */ = {
			isa = XCBuildConfiguration;
			buildSettings = {
				ASSETCATALOG_COMPILER_APPICON_NAME = AppIcon;
				ASSETCATALOG_COMPILER_GLOBAL_ACCENT_COLOR_NAME = AccentColor;
				CODE_SIGN_STYLE = Automatic;
				DEVELOPMENT_ASSET_PATHS = "\"Firey Flag Raiser/Preview Content\"";
				ENABLE_PREVIEWS = YES;
				INFOPLIST_FILE = "Firey Flag Raiser/Info.plist";
				IPHONEOS_DEPLOYMENT_TARGET = 14.0;
				LD_RUNPATH_SEARCH_PATHS = (
					"$(inherited)",
					"@executable_path/Frameworks",
				);
				PRODUCT_BUNDLE_IDENTIFIER = "sg.rickrollyeee.Firey-Flag-Raiser";
				PRODUCT_NAME = "$(TARGET_NAME)";
				SWIFT_VERSION = 5.0;
				TARGETED_DEVICE_FAMILY = "1,2";
			};
			name = Debug;
		};
		9756464226E5B0C400569221 /* Release */ = {
			isa = XCBuildConfiguration;
			buildSettings = {
				ASSETCATALOG_COMPILER_APPICON_NAME = AppIcon;
				ASSETCATALOG_COMPILER_GLOBAL_ACCENT_COLOR_NAME = AccentColor;
				CODE_SIGN_STYLE = Automatic;
				DEVELOPMENT_ASSET_PATHS = "\"Firey Flag Raiser/Preview Content\"";
				ENABLE_PREVIEWS = YES;
				INFOPLIST_FILE = "Firey Flag Raiser/Info.plist";
				IPHONEOS_DEPLOYMENT_TARGET = 14.0;
				LD_RUNPATH_SEARCH_PATHS = (
					"$(inherited)",
					"@executable_path/Frameworks",
				);
				PRODUCT_BUNDLE_IDENTIFIER = "sg.rickrollyeee.Firey-Flag-Raiser";
				PRODUCT_NAME = "$(TARGET_NAME)";
				SWIFT_VERSION = 5.0;
				TARGETED_DEVICE_FAMILY = "1,2";
			};
			name = Release;
		};
		9756464426E5B0C400569221 /* Debug */ = {
			isa = XCBuildConfiguration;
			buildSettings = {
				ALWAYS_EMBED_SWIFT_STANDARD_LIBRARIES = YES;
				BUNDLE_LOADER = "$(TEST_HOST)";
				CODE_SIGN_STYLE = Automatic;
				INFOPLIST_FILE = "Firey Flag RaiserTests/Info.plist";
				IPHONEOS_DEPLOYMENT_TARGET = 14.0;
				LD_RUNPATH_SEARCH_PATHS = (
					"$(inherited)",
					"@executable_path/Frameworks",
					"@loader_path/Frameworks",
				);
				PRODUCT_BUNDLE_IDENTIFIER = "sg.rickrollyeee.Firey-Flag-RaiserTests";
				PRODUCT_NAME = "$(TARGET_NAME)";
				SWIFT_VERSION = 5.0;
				TARGETED_DEVICE_FAMILY = "1,2";
				TEST_HOST = "$(BUILT_PRODUCTS_DIR)/Firey Flag Raiser.app/Firey Flag Raiser";
			};
			name = Debug;
		};
		9756464526E5B0C400569221 /* Release */ = {
			isa = XCBuildConfiguration;
			buildSettings = {
				ALWAYS_EMBED_SWIFT_STANDARD_LIBRARIES = YES;
				BUNDLE_LOADER = "$(TEST_HOST)";
				CODE_SIGN_STYLE = Automatic;
				INFOPLIST_FILE = "Firey Flag RaiserTests/Info.plist";
				IPHONEOS_DEPLOYMENT_TARGET = 14.0;
				LD_RUNPATH_SEARCH_PATHS = (
					"$(inherited)",
					"@executable_path/Frameworks",
					"@loader_path/Frameworks",
				);
				PRODUCT_BUNDLE_IDENTIFIER = "sg.rickrollyeee.Firey-Flag-RaiserTests";
				PRODUCT_NAME = "$(TARGET_NAME)";
				SWIFT_VERSION = 5.0;
				TARGETED_DEVICE_FAMILY = "1,2";
				TEST_HOST = "$(BUILT_PRODUCTS_DIR)/Firey Flag Raiser.app/Firey Flag Raiser";
			};
			name = Release;
		};
		9756464726E5B0C400569221 /* Debug */ = {
			isa = XCBuildConfiguration;
			buildSettings = {
				ALWAYS_EMBED_SWIFT_STANDARD_LIBRARIES = YES;
				CODE_SIGN_STYLE = Automatic;
				INFOPLIST_FILE = "Firey Flag RaiserUITests/Info.plist";
				LD_RUNPATH_SEARCH_PATHS = (
					"$(inherited)",
					"@executable_path/Frameworks",
					"@loader_path/Frameworks",
				);
				PRODUCT_BUNDLE_IDENTIFIER = "sg.rickrollyeee.Firey-Flag-RaiserUITests";
				PRODUCT_NAME = "$(TARGET_NAME)";
				SWIFT_VERSION = 5.0;
				TARGETED_DEVICE_FAMILY = "1,2";
				TEST_TARGET_NAME = "Firey Flag Raiser";
			};
			name = Debug;
		};
		9756464826E5B0C400569221 /* Release */ = {
			isa = XCBuildConfiguration;
			buildSettings = {
				ALWAYS_EMBED_SWIFT_STANDARD_LIBRARIES = YES;
				CODE_SIGN_STYLE = Automatic;
				INFOPLIST_FILE = "Firey Flag RaiserUITests/Info.plist";
				LD_RUNPATH_SEARCH_PATHS = (
					"$(inherited)",
					"@executable_path/Frameworks",
					"@loader_path/Frameworks",
				);
				PRODUCT_BUNDLE_IDENTIFIER = "sg.rickrollyeee.Firey-Flag-RaiserUITests";
				PRODUCT_NAME = "$(TARGET_NAME)";
				SWIFT_VERSION = 5.0;
				TARGETED_DEVICE_FAMILY = "1,2";
				TEST_TARGET_NAME = "Firey Flag Raiser";
			};
			name = Release;
		};
/* End XCBuildConfiguration section */

/* Begin XCConfigurationList section */
		9756461626E5B0B700569221 /* Build configuration list for PBXProject "Firey Flag Raiser" */ = {
			isa = XCConfigurationList;
			buildConfigurations = (
				9756463E26E5B0C400569221 /* Debug */,
				9756463F26E5B0C400569221 /* Release */,
			);
			defaultConfigurationIsVisible = 0;
			defaultConfigurationName = Release;
		};
		9756464026E5B0C400569221 /* Build configuration list for PBXNativeTarget "Firey Flag Raiser" */ = {
			isa = XCConfigurationList;
			buildConfigurations = (
				9756464126E5B0C400569221 /* Debug */,
				9756464226E5B0C400569221 /* Release */,
			);
			defaultConfigurationIsVisible = 0;
			defaultConfigurationName = Release;
		};
		9756464326E5B0C400569221 /* Build configuration list for PBXNativeTarget "Firey Flag RaiserTests" */ = {
			isa = XCConfigurationList;
			buildConfigurations = (
				9756464426E5B0C400569221 /* Debug */,
				9756464526E5B0C400569221 /* Release */,
			);
			defaultConfigurationIsVisible = 0;
			defaultConfigurationName = Release;
		};
		9756464626E5B0C400569221 /* Build configuration list for PBXNativeTarget "Firey Flag RaiserUITests" */ = {
			isa = XCConfigurationList;
			buildConfigurations = (
				9756464726E5B0C400569221 /* Debug */,
				9756464826E5B0C400569221 /* Release */,
			);
			defaultConfigurationIsVisible = 0;
			defaultConfigurationName = Release;
		};
/* End XCConfigurationList section */
	};
	rootObject = 9756461326E5B0B700569221 /* Project object */;
}
